// !$*UTF8*$!
{
	archiveVersion = 1;
	classes = {
	};
	objectVersion = 51;
	objects = {

/* Begin PBXBuildFile section */
		214EECA924ECCE4200890F91 /* AppDelegate.swift in Sources */ = {isa = PBXBuildFile; fileRef = 214EECA824ECCE4200890F91 /* AppDelegate.swift */; };
		214EECAB24ECCE4200890F91 /* SceneDelegate.swift in Sources */ = {isa = PBXBuildFile; fileRef = 214EECAA24ECCE4200890F91 /* SceneDelegate.swift */; };
		214EECAD24ECCE4200890F91 /* ViewController.swift in Sources */ = {isa = PBXBuildFile; fileRef = 214EECAC24ECCE4200890F91 /* ViewController.swift */; };
		214EECB024ECCE4200890F91 /* Main.storyboard in Resources */ = {isa = PBXBuildFile; fileRef = 214EECAE24ECCE4200890F91 /* Main.storyboard */; };
		214EECB224ECCE5100890F91 /* Assets.xcassets in Resources */ = {isa = PBXBuildFile; fileRef = 214EECB124ECCE5100890F91 /* Assets.xcassets */; };
		214EECB524ECCE5100890F91 /* LaunchScreen.storyboard in Resources */ = {isa = PBXBuildFile; fileRef = 214EECB324ECCE5100890F91 /* LaunchScreen.storyboard */; };
		214EECC524ECD5E800890F91 /* UIViewDesignable.swift in Sources */ = {isa = PBXBuildFile; fileRef = 214EECC424ECD5E800890F91 /* UIViewDesignable.swift */; };
		21612AB124F19825006D2A6C /* SettingTableViewController.swift in Sources */ = {isa = PBXBuildFile; fileRef = 21612AB024F19825006D2A6C /* SettingTableViewController.swift */; };
		21612AB324F248EF006D2A6C /* ProfileViewController.swift in Sources */ = {isa = PBXBuildFile; fileRef = 21612AB224F248EF006D2A6C /* ProfileViewController.swift */; };
		2198F42724ED2D3D004C1C00 /* CategoriesViewController.swift in Sources */ = {isa = PBXBuildFile; fileRef = 2198F42624ED2D3D004C1C00 /* CategoriesViewController.swift */; };
		2198F42A24ED336D004C1C00 /* CategoryTableViewCell.swift in Sources */ = {isa = PBXBuildFile; fileRef = 2198F42924ED336D004C1C00 /* CategoryTableViewCell.swift */; };
		21BF08CA24ECE51400C3CC6F /* UIButtonDesignable.swift in Sources */ = {isa = PBXBuildFile; fileRef = 21BF08C924ECE51400C3CC6F /* UIButtonDesignable.swift */; };
		21BF08CD24ECF86900C3CC6F /* SignInViewController.swift in Sources */ = {isa = PBXBuildFile; fileRef = 21BF08CC24ECF86900C3CC6F /* SignInViewController.swift */; };
		21BF08CF24ECF87F00C3CC6F /* SignUpViewController.swift in Sources */ = {isa = PBXBuildFile; fileRef = 21BF08CE24ECF87F00C3CC6F /* SignUpViewController.swift */; };
		21C850CC24F122AA002B8F7F /* SettingsViewController.swift in Sources */ = {isa = PBXBuildFile; fileRef = 21C850CB24F122AA002B8F7F /* SettingsViewController.swift */; };
		21DB727A24EFB18F00BFCAB5 /* AboutAppViewController.swift in Sources */ = {isa = PBXBuildFile; fileRef = 21DB727924EFB18E00BFCAB5 /* AboutAppViewController.swift */; };
		21EDED4A24F663DC00148AB1 /* UserData.swift in Sources */ = {isa = PBXBuildFile; fileRef = 21EDED4924F663DC00148AB1 /* UserData.swift */; };
		21F2173124EDF7C500E373D6 /* NewCategoryViewController.swift in Sources */ = {isa = PBXBuildFile; fileRef = 21F2173024EDF7C500E373D6 /* NewCategoryViewController.swift */; };
		21F2173324EDF7DC00E373D6 /* NewNoteViewController.swift in Sources */ = {isa = PBXBuildFile; fileRef = 21F2173224EDF7DC00E373D6 /* NewNoteViewController.swift */; };
		21F2173524EE0E9F00E373D6 /* NotesViewController.swift in Sources */ = {isa = PBXBuildFile; fileRef = 21F2173424EE0E9F00E373D6 /* NotesViewController.swift */; };
		21F2173724EE10B100E373D6 /* NoteTableViewCell.swift in Sources */ = {isa = PBXBuildFile; fileRef = 21F2173624EE10B100E373D6 /* NoteTableViewCell.swift */; };
		6695D181254D779000566872 /* NoteEntityController.swift in Sources */ = {isa = PBXBuildFile; fileRef = 6695D17E254D778E00566872 /* NoteEntityController.swift */; };
		6695D182254D779000566872 /* UserEntityController.swift in Sources */ = {isa = PBXBuildFile; fileRef = 6695D17F254D778F00566872 /* UserEntityController.swift */; };
		6695D183254D779000566872 /* CategoryEntityController.swift in Sources */ = {isa = PBXBuildFile; fileRef = 6695D180254D779000566872 /* CategoryEntityController.swift */; };
		66AD234E254B117D00E86967 /* L102Language.swift in Sources */ = {isa = PBXBuildFile; fileRef = 66AD234C254B117D00E86967 /* L102Language.swift */; };
		66AD234F254B117D00E86967 /* L102Localizer.swift in Sources */ = {isa = PBXBuildFile; fileRef = 66AD234D254B117D00E86967 /* L102Localizer.swift */; };
		66AD2352254B139100E86967 /* UIViewCustomCornerRadius.swift in Sources */ = {isa = PBXBuildFile; fileRef = 66AD2351254B139100E86967 /* UIViewCustomCornerRadius.swift */; };
		66AD2355254B13B600E86967 /* UIImageDesignable.swift in Sources */ = {isa = PBXBuildFile; fileRef = 66AD2354254B13B600E86967 /* UIImageDesignable.swift */; };
		66AD2363254B2F5100E86967 /* Localizable.strings in Resources */ = {isa = PBXBuildFile; fileRef = 66AD2365254B2F5100E86967 /* Localizable.strings */; };
		66BBE582254D7F8900B89D20 /* User.swift in Sources */ = {isa = PBXBuildFile; fileRef = 66BBE57F254D7F8600B89D20 /* User.swift */; };
		66BBE583254D7F8900B89D20 /* Category.swift in Sources */ = {isa = PBXBuildFile; fileRef = 66BBE580254D7F8700B89D20 /* Category.swift */; };
		66BBE584254D7F8900B89D20 /* Note.swift in Sources */ = {isa = PBXBuildFile; fileRef = 66BBE581254D7F8900B89D20 /* Note.swift */; };
		66BBE58A254D823200B89D20 /* UserInfo.swift in Sources */ = {isa = PBXBuildFile; fileRef = 66BBE589254D823200B89D20 /* UserInfo.swift */; };
		66BBE58D254D82C200B89D20 /* Tools.swift in Sources */ = {isa = PBXBuildFile; fileRef = 66BBE58C254D82C200B89D20 /* Tools.swift */; };
		C30F715BEC7D538263910DF5 /* Pods_Notes_App.framework in Frameworks */ = {isa = PBXBuildFile; fileRef = 0DACD97A8C5EC32D267F583F /* Pods_Notes_App.framework */; };
		E038114525090FF3005CF928 /* Quicksand-Medium.ttf in Resources */ = {isa = PBXBuildFile; fileRef = E038114425090FF3005CF928 /* Quicksand-Medium.ttf */; };
		E038114A25091010005CF928 /* Roboto-Medium.ttf in Resources */ = {isa = PBXBuildFile; fileRef = E038114625091010005CF928 /* Roboto-Medium.ttf */; };
		E038114B25091010005CF928 /* Roboto-Regular.ttf in Resources */ = {isa = PBXBuildFile; fileRef = E038114725091010005CF928 /* Roboto-Regular.ttf */; };
		E038114C25091010005CF928 /* Roboto-Bold.ttf in Resources */ = {isa = PBXBuildFile; fileRef = E038114825091010005CF928 /* Roboto-Bold.ttf */; };
		E038114D25091010005CF928 /* Roboto-Light.ttf in Resources */ = {isa = PBXBuildFile; fileRef = E038114925091010005CF928 /* Roboto-Light.ttf */; };
		E038115225091020005CF928 /* Nunito-Light.ttf in Resources */ = {isa = PBXBuildFile; fileRef = E038114E25091020005CF928 /* Nunito-Light.ttf */; };
		E038115325091020005CF928 /* Nunito-Regular.ttf in Resources */ = {isa = PBXBuildFile; fileRef = E038114F25091020005CF928 /* Nunito-Regular.ttf */; };
		E038115425091020005CF928 /* Nunito-Bold.ttf in Resources */ = {isa = PBXBuildFile; fileRef = E038115025091020005CF928 /* Nunito-Bold.ttf */; };
		E038115525091020005CF928 /* Nunito-SemiBold.ttf in Resources */ = {isa = PBXBuildFile; fileRef = E038115125091020005CF928 /* Nunito-SemiBold.ttf */; };
/* End PBXBuildFile section */

/* Begin PBXFileReference section */
		0DACD97A8C5EC32D267F583F /* Pods_Notes_App.framework */ = {isa = PBXFileReference; explicitFileType = wrapper.framework; includeInIndex = 0; path = Pods_Notes_App.framework; sourceTree = BUILT_PRODUCTS_DIR; };
		214EECA524ECCE4200890F91 /* Notes App.app */ = {isa = PBXFileReference; explicitFileType = wrapper.application; includeInIndex = 0; path = "Notes App.app"; sourceTree = BUILT_PRODUCTS_DIR; };
		214EECA824ECCE4200890F91 /* AppDelegate.swift */ = {isa = PBXFileReference; lastKnownFileType = sourcecode.swift; path = AppDelegate.swift; sourceTree = "<group>"; };
		214EECAA24ECCE4200890F91 /* SceneDelegate.swift */ = {isa = PBXFileReference; lastKnownFileType = sourcecode.swift; path = SceneDelegate.swift; sourceTree = "<group>"; };
		214EECAC24ECCE4200890F91 /* ViewController.swift */ = {isa = PBXFileReference; lastKnownFileType = sourcecode.swift; path = ViewController.swift; sourceTree = "<group>"; };
		214EECAF24ECCE4200890F91 /* Base */ = {isa = PBXFileReference; lastKnownFileType = file.storyboard; name = Base; path = Base.lproj/Main.storyboard; sourceTree = "<group>"; };
		214EECB124ECCE5100890F91 /* Assets.xcassets */ = {isa = PBXFileReference; lastKnownFileType = folder.assetcatalog; path = Assets.xcassets; sourceTree = "<group>"; };
		214EECB424ECCE5100890F91 /* Base */ = {isa = PBXFileReference; lastKnownFileType = file.storyboard; name = Base; path = Base.lproj/LaunchScreen.storyboard; sourceTree = "<group>"; };
		214EECB624ECCE5100890F91 /* Info.plist */ = {isa = PBXFileReference; lastKnownFileType = text.plist.xml; path = Info.plist; sourceTree = "<group>"; };
		214EECC424ECD5E800890F91 /* UIViewDesignable.swift */ = {isa = PBXFileReference; lastKnownFileType = sourcecode.swift; path = UIViewDesignable.swift; sourceTree = "<group>"; };
		21612AB024F19825006D2A6C /* SettingTableViewController.swift */ = {isa = PBXFileReference; lastKnownFileType = sourcecode.swift; path = SettingTableViewController.swift; sourceTree = "<group>"; };
		21612AB224F248EF006D2A6C /* ProfileViewController.swift */ = {isa = PBXFileReference; lastKnownFileType = sourcecode.swift; path = ProfileViewController.swift; sourceTree = "<group>"; };
		2198F42624ED2D3D004C1C00 /* CategoriesViewController.swift */ = {isa = PBXFileReference; lastKnownFileType = sourcecode.swift; path = CategoriesViewController.swift; sourceTree = "<group>"; };
		2198F42924ED336D004C1C00 /* CategoryTableViewCell.swift */ = {isa = PBXFileReference; lastKnownFileType = sourcecode.swift; path = CategoryTableViewCell.swift; sourceTree = "<group>"; };
		21BF08C924ECE51400C3CC6F /* UIButtonDesignable.swift */ = {isa = PBXFileReference; lastKnownFileType = sourcecode.swift; path = UIButtonDesignable.swift; sourceTree = "<group>"; };
		21BF08CC24ECF86900C3CC6F /* SignInViewController.swift */ = {isa = PBXFileReference; lastKnownFileType = sourcecode.swift; path = SignInViewController.swift; sourceTree = "<group>"; };
		21BF08CE24ECF87F00C3CC6F /* SignUpViewController.swift */ = {isa = PBXFileReference; lastKnownFileType = sourcecode.swift; path = SignUpViewController.swift; sourceTree = "<group>"; };
		21C850CB24F122AA002B8F7F /* SettingsViewController.swift */ = {isa = PBXFileReference; lastKnownFileType = sourcecode.swift; path = SettingsViewController.swift; sourceTree = "<group>"; };
		21DB727924EFB18E00BFCAB5 /* AboutAppViewController.swift */ = {isa = PBXFileReference; lastKnownFileType = sourcecode.swift; path = AboutAppViewController.swift; sourceTree = "<group>"; };
		21EDED4924F663DC00148AB1 /* UserData.swift */ = {isa = PBXFileReference; lastKnownFileType = sourcecode.swift; path = UserData.swift; sourceTree = "<group>"; };
		21F2173024EDF7C500E373D6 /* NewCategoryViewController.swift */ = {isa = PBXFileReference; lastKnownFileType = sourcecode.swift; path = NewCategoryViewController.swift; sourceTree = "<group>"; };
		21F2173224EDF7DC00E373D6 /* NewNoteViewController.swift */ = {isa = PBXFileReference; lastKnownFileType = sourcecode.swift; path = NewNoteViewController.swift; sourceTree = "<group>"; };
		21F2173424EE0E9F00E373D6 /* NotesViewController.swift */ = {isa = PBXFileReference; lastKnownFileType = sourcecode.swift; path = NotesViewController.swift; sourceTree = "<group>"; };
		21F2173624EE10B100E373D6 /* NoteTableViewCell.swift */ = {isa = PBXFileReference; lastKnownFileType = sourcecode.swift; path = NoteTableViewCell.swift; sourceTree = "<group>"; };
		573205D18194E8DDCE95A48F /* Pods-Notes App.debug.xcconfig */ = {isa = PBXFileReference; includeInIndex = 1; lastKnownFileType = text.xcconfig; name = "Pods-Notes App.debug.xcconfig"; path = "Target Support Files/Pods-Notes App/Pods-Notes App.debug.xcconfig"; sourceTree = "<group>"; };
		6695D17E254D778E00566872 /* NoteEntityController.swift */ = {isa = PBXFileReference; fileEncoding = 4; lastKnownFileType = sourcecode.swift; path = NoteEntityController.swift; sourceTree = "<group>"; };
		6695D17F254D778F00566872 /* UserEntityController.swift */ = {isa = PBXFileReference; fileEncoding = 4; lastKnownFileType = sourcecode.swift; path = UserEntityController.swift; sourceTree = "<group>"; };
		6695D180254D779000566872 /* CategoryEntityController.swift */ = {isa = PBXFileReference; fileEncoding = 4; lastKnownFileType = sourcecode.swift; path = CategoryEntityController.swift; sourceTree = "<group>"; };
		66AD234C254B117D00E86967 /* L102Language.swift */ = {isa = PBXFileReference; fileEncoding = 4; lastKnownFileType = sourcecode.swift; path = L102Language.swift; sourceTree = "<group>"; };
		66AD234D254B117D00E86967 /* L102Localizer.swift */ = {isa = PBXFileReference; fileEncoding = 4; lastKnownFileType = sourcecode.swift; path = L102Localizer.swift; sourceTree = "<group>"; };
		66AD2351254B139100E86967 /* UIViewCustomCornerRadius.swift */ = {isa = PBXFileReference; lastKnownFileType = sourcecode.swift; path = UIViewCustomCornerRadius.swift; sourceTree = "<group>"; };
		66AD2354254B13B600E86967 /* UIImageDesignable.swift */ = {isa = PBXFileReference; lastKnownFileType = sourcecode.swift; path = UIImageDesignable.swift; sourceTree = "<group>"; };
		66AD235D254B2BD900E86967 /* ar */ = {isa = PBXFileReference; lastKnownFileType = text.plist.strings; name = ar; path = ar.lproj/Main.strings; sourceTree = "<group>"; };
		66AD235E254B2BDC00E86967 /* ar */ = {isa = PBXFileReference; lastKnownFileType = text.plist.strings; name = ar; path = ar.lproj/LaunchScreen.strings; sourceTree = "<group>"; };
		66AD2364254B2F5100E86967 /* en */ = {isa = PBXFileReference; lastKnownFileType = text.plist.strings; name = en; path = en.lproj/Localizable.strings; sourceTree = "<group>"; };
		66AD2366254B2F5B00E86967 /* ar */ = {isa = PBXFileReference; lastKnownFileType = text.plist.strings; name = ar; path = ar.lproj/Localizable.strings; sourceTree = "<group>"; };
		66BBE57F254D7F8600B89D20 /* User.swift */ = {isa = PBXFileReference; fileEncoding = 4; lastKnownFileType = sourcecode.swift; path = User.swift; sourceTree = "<group>"; };
		66BBE580254D7F8700B89D20 /* Category.swift */ = {isa = PBXFileReference; fileEncoding = 4; lastKnownFileType = sourcecode.swift; path = Category.swift; sourceTree = "<group>"; };
		66BBE581254D7F8900B89D20 /* Note.swift */ = {isa = PBXFileReference; fileEncoding = 4; lastKnownFileType = sourcecode.swift; path = Note.swift; sourceTree = "<group>"; };
		66BBE589254D823200B89D20 /* UserInfo.swift */ = {isa = PBXFileReference; fileEncoding = 4; lastKnownFileType = sourcecode.swift; path = UserInfo.swift; sourceTree = "<group>"; };
		66BBE58C254D82C200B89D20 /* Tools.swift */ = {isa = PBXFileReference; lastKnownFileType = sourcecode.swift; path = Tools.swift; sourceTree = "<group>"; };
		E038114425090FF3005CF928 /* Quicksand-Medium.ttf */ = {isa = PBXFileReference; lastKnownFileType = file; path = "Quicksand-Medium.ttf"; sourceTree = "<group>"; };
		E038114625091010005CF928 /* Roboto-Medium.ttf */ = {isa = PBXFileReference; lastKnownFileType = file; path = "Roboto-Medium.ttf"; sourceTree = "<group>"; };
		E038114725091010005CF928 /* Roboto-Regular.ttf */ = {isa = PBXFileReference; lastKnownFileType = file; path = "Roboto-Regular.ttf"; sourceTree = "<group>"; };
		E038114825091010005CF928 /* Roboto-Bold.ttf */ = {isa = PBXFileReference; lastKnownFileType = file; path = "Roboto-Bold.ttf"; sourceTree = "<group>"; };
		E038114925091010005CF928 /* Roboto-Light.ttf */ = {isa = PBXFileReference; lastKnownFileType = file; path = "Roboto-Light.ttf"; sourceTree = "<group>"; };
		E038114E25091020005CF928 /* Nunito-Light.ttf */ = {isa = PBXFileReference; lastKnownFileType = file; path = "Nunito-Light.ttf"; sourceTree = "<group>"; };
		E038114F25091020005CF928 /* Nunito-Regular.ttf */ = {isa = PBXFileReference; lastKnownFileType = file; path = "Nunito-Regular.ttf"; sourceTree = "<group>"; };
		E038115025091020005CF928 /* Nunito-Bold.ttf */ = {isa = PBXFileReference; lastKnownFileType = file; path = "Nunito-Bold.ttf"; sourceTree = "<group>"; };
		E038115125091020005CF928 /* Nunito-SemiBold.ttf */ = {isa = PBXFileReference; lastKnownFileType = file; path = "Nunito-SemiBold.ttf"; sourceTree = "<group>"; };
		FC4B8C5E95402BF669217B45 /* Pods-Notes App.release.xcconfig */ = {isa = PBXFileReference; includeInIndex = 1; lastKnownFileType = text.xcconfig; name = "Pods-Notes App.release.xcconfig"; path = "Target Support Files/Pods-Notes App/Pods-Notes App.release.xcconfig"; sourceTree = "<group>"; };
/* End PBXFileReference section */

/* Begin PBXFrameworksBuildPhase section */
		214EECA224ECCE4200890F91 /* Frameworks */ = {
			isa = PBXFrameworksBuildPhase;
			buildActionMask = 2147483647;
			files = (
				C30F715BEC7D538263910DF5 /* Pods_Notes_App.framework in Frameworks */,
			);
			runOnlyForDeploymentPostprocessing = 0;
		};
/* End PBXFrameworksBuildPhase section */

/* Begin PBXGroup section */
		214EEC9C24ECCE4200890F91 = {
			isa = PBXGroup;
			children = (
				214EECA724ECCE4200890F91 /* Notes App */,
				214EECA624ECCE4200890F91 /* Products */,
				C60B273E97123ABDC6CF0DD3 /* Pods */,
				807496A09D23902E35D51EDE /* Frameworks */,
			);
			sourceTree = "<group>";
		};
		214EECA624ECCE4200890F91 /* Products */ = {
			isa = PBXGroup;
			children = (
				214EECA524ECCE4200890F91 /* Notes App.app */,
			);
			name = Products;
			sourceTree = "<group>";
		};
		214EECA724ECCE4200890F91 /* Notes App */ = {
			isa = PBXGroup;
			children = (
				6695D17D254D776900566872 /* RealmSwift */,
				66AD234B254B111A00E86967 /* Language */,
				21EDED4824F663C100148AB1 /* User Defualt */,
				21612AAF24F197E6006D2A6C /* Table View */,
				2198F42824ED3341004C1C00 /* Cells */,
				21BF08CB24ECF82200C3CC6F /* View Controllers */,
				214EECC324ECD5A200890F91 /* Designables */,
				214EECBC24ECCE8800890F91 /* Fonts */,
				214EECA824ECCE4200890F91 /* AppDelegate.swift */,
				214EECAA24ECCE4200890F91 /* SceneDelegate.swift */,
				214EECAC24ECCE4200890F91 /* ViewController.swift */,
				214EECAE24ECCE4200890F91 /* Main.storyboard */,
				214EECB124ECCE5100890F91 /* Assets.xcassets */,
				214EECB324ECCE5100890F91 /* LaunchScreen.storyboard */,
				214EECB624ECCE5100890F91 /* Info.plist */,
			);
			path = "Notes App";
			sourceTree = "<group>";
		};
		214EECBC24ECCE8800890F91 /* Fonts */ = {
			isa = PBXGroup;
			children = (
				E038115025091020005CF928 /* Nunito-Bold.ttf */,
				E038114E25091020005CF928 /* Nunito-Light.ttf */,
				E038114F25091020005CF928 /* Nunito-Regular.ttf */,
				E038115125091020005CF928 /* Nunito-SemiBold.ttf */,
				E038114825091010005CF928 /* Roboto-Bold.ttf */,
				E038114925091010005CF928 /* Roboto-Light.ttf */,
				E038114625091010005CF928 /* Roboto-Medium.ttf */,
				E038114725091010005CF928 /* Roboto-Regular.ttf */,
				E038114425090FF3005CF928 /* Quicksand-Medium.ttf */,
			);
			path = Fonts;
			sourceTree = "<group>";
		};
		214EECC324ECD5A200890F91 /* Designables */ = {
			isa = PBXGroup;
			children = (
				214EECC424ECD5E800890F91 /* UIViewDesignable.swift */,
				21BF08C924ECE51400C3CC6F /* UIButtonDesignable.swift */,
				66AD2351254B139100E86967 /* UIViewCustomCornerRadius.swift */,
				66AD2354254B13B600E86967 /* UIImageDesignable.swift */,
				66BBE58C254D82C200B89D20 /* Tools.swift */,
			);
			path = Designables;
			sourceTree = "<group>";
		};
		21612AAF24F197E6006D2A6C /* Table View */ = {
			isa = PBXGroup;
			children = (
				21612AB024F19825006D2A6C /* SettingTableViewController.swift */,
			);
			path = "Table View";
			sourceTree = "<group>";
		};
		2198F42824ED3341004C1C00 /* Cells */ = {
			isa = PBXGroup;
			children = (
				2198F42924ED336D004C1C00 /* CategoryTableViewCell.swift */,
				21F2173624EE10B100E373D6 /* NoteTableViewCell.swift */,
			);
			path = Cells;
			sourceTree = "<group>";
		};
		21BF08CB24ECF82200C3CC6F /* View Controllers */ = {
			isa = PBXGroup;
			children = (
				66AD235B254B281700E86967 /* Access */,
				66AD235A254B280900E86967 /* Categories */,
				66AD2359254B27F600E86967 /* Notes */,
				21612AB224F248EF006D2A6C /* ProfileViewController.swift */,
				21DB727924EFB18E00BFCAB5 /* AboutAppViewController.swift */,
				21C850CB24F122AA002B8F7F /* SettingsViewController.swift */,
			);
			path = "View Controllers";
			sourceTree = "<group>";
		};
		21EDED4824F663C100148AB1 /* User Defualt */ = {
			isa = PBXGroup;
			children = (
				21EDED4924F663DC00148AB1 /* UserData.swift */,
			);
			path = "User Defualt";
			sourceTree = "<group>";
		};
		6695D17D254D776900566872 /* RealmSwift */ = {
			isa = PBXGroup;
			children = (
				66BBE57B254D7F4C00B89D20 /* Entity Controller */,
				66BBE57A254D7F3E00B89D20 /* Models */,
			);
			path = RealmSwift;
			sourceTree = "<group>";
		};
		66AD234B254B111A00E86967 /* Language */ = {
			isa = PBXGroup;
			children = (
				66AD234C254B117D00E86967 /* L102Language.swift */,
				66AD234D254B117D00E86967 /* L102Localizer.swift */,
				66AD2365254B2F5100E86967 /* Localizable.strings */,
			);
			path = Language;
			sourceTree = "<group>";
		};
		66AD2359254B27F600E86967 /* Notes */ = {
			isa = PBXGroup;
			children = (
				21F2173424EE0E9F00E373D6 /* NotesViewController.swift */,
				21F2173224EDF7DC00E373D6 /* NewNoteViewController.swift */,
			);
			path = Notes;
			sourceTree = "<group>";
		};
		66AD235A254B280900E86967 /* Categories */ = {
			isa = PBXGroup;
			children = (
				2198F42624ED2D3D004C1C00 /* CategoriesViewController.swift */,
				21F2173024EDF7C500E373D6 /* NewCategoryViewController.swift */,
			);
			path = Categories;
			sourceTree = "<group>";
		};
		66AD235B254B281700E86967 /* Access */ = {
			isa = PBXGroup;
			children = (
				21BF08CC24ECF86900C3CC6F /* SignInViewController.swift */,
				21BF08CE24ECF87F00C3CC6F /* SignUpViewController.swift */,
			);
			path = Access;
			sourceTree = "<group>";
		};
		66BBE57A254D7F3E00B89D20 /* Models */ = {
			isa = PBXGroup;
			children = (
				66BBE57F254D7F8600B89D20 /* User.swift */,
				66BBE580254D7F8700B89D20 /* Category.swift */,
				66BBE581254D7F8900B89D20 /* Note.swift */,
				66BBE589254D823200B89D20 /* UserInfo.swift */,
			);
			path = Models;
			sourceTree = "<group>";
		};
		66BBE57B254D7F4C00B89D20 /* Entity Controller */ = {
			isa = PBXGroup;
			children = (
				6695D17F254D778F00566872 /* UserEntityController.swift */,
				6695D180254D779000566872 /* CategoryEntityController.swift */,
				6695D17E254D778E00566872 /* NoteEntityController.swift */,
			);
			path = "Entity Controller";
			sourceTree = "<group>";
		};
		807496A09D23902E35D51EDE /* Frameworks */ = {
			isa = PBXGroup;
			children = (
				0DACD97A8C5EC32D267F583F /* Pods_Notes_App.framework */,
			);
			name = Frameworks;
			sourceTree = "<group>";
		};
		C60B273E97123ABDC6CF0DD3 /* Pods */ = {
			isa = PBXGroup;
			children = (
				573205D18194E8DDCE95A48F /* Pods-Notes App.debug.xcconfig */,
				FC4B8C5E95402BF669217B45 /* Pods-Notes App.release.xcconfig */,
			);
			path = Pods;
			sourceTree = "<group>";
		};
/* End PBXGroup section */

/* Begin PBXNativeTarget section */
		214EECA424ECCE4200890F91 /* Notes App */ = {
			isa = PBXNativeTarget;
			buildConfigurationList = 214EECB924ECCE5100890F91 /* Build configuration list for PBXNativeTarget "Notes App" */;
			buildPhases = (
				DF3BC4855BC0A91665FE2485 /* [CP] Check Pods Manifest.lock */,
				214EECA124ECCE4200890F91 /* Sources */,
				214EECA224ECCE4200890F91 /* Frameworks */,
				214EECA324ECCE4200890F91 /* Resources */,
				39FA97E68FC73BA88118F06D /* [CP] Embed Pods Frameworks */,
			);
			buildRules = (
			);
			dependencies = (
			);
			name = "Notes App";
			productName = "Notes App";
			productReference = 214EECA524ECCE4200890F91 /* Notes App.app */;
			productType = "com.apple.product-type.application";
		};
/* End PBXNativeTarget section */

/* Begin PBXProject section */
		214EEC9D24ECCE4200890F91 /* Project object */ = {
			isa = PBXProject;
			attributes = {
				LastSwiftUpdateCheck = 1150;
				LastUpgradeCheck = 1150;
				ORGANIZATIONNAME = Mr.Pizza;
				TargetAttributes = {
					214EECA424ECCE4200890F91 = {
						CreatedOnToolsVersion = 11.5;
					};
				};
			};
			buildConfigurationList = 214EECA024ECCE4200890F91 /* Build configuration list for PBXProject "Notes App" */;
			compatibilityVersion = "Xcode 9.3";
			developmentRegion = en;
			hasScannedForEncodings = 0;
			knownRegions = (
				en,
				Base,
				ar,
			);
			mainGroup = 214EEC9C24ECCE4200890F91;
			productRefGroup = 214EECA624ECCE4200890F91 /* Products */;
			projectDirPath = "";
			projectRoot = "";
			targets = (
				214EECA424ECCE4200890F91 /* Notes App */,
			);
		};
/* End PBXProject section */

/* Begin PBXResourcesBuildPhase section */
		214EECA324ECCE4200890F91 /* Resources */ = {
			isa = PBXResourcesBuildPhase;
			buildActionMask = 2147483647;
			files = (
				E038115525091020005CF928 /* Nunito-SemiBold.ttf in Resources */,
				E038115325091020005CF928 /* Nunito-Regular.ttf in Resources */,
				E038114C25091010005CF928 /* Roboto-Bold.ttf in Resources */,
				E038114B25091010005CF928 /* Roboto-Regular.ttf in Resources */,
				E038115225091020005CF928 /* Nunito-Light.ttf in Resources */,
				E038114A25091010005CF928 /* Roboto-Medium.ttf in Resources */,
				214EECB524ECCE5100890F91 /* LaunchScreen.storyboard in Resources */,
				E038115425091020005CF928 /* Nunito-Bold.ttf in Resources */,
				E038114525090FF3005CF928 /* Quicksand-Medium.ttf in Resources */,
				66AD2363254B2F5100E86967 /* Localizable.strings in Resources */,
				214EECB224ECCE5100890F91 /* Assets.xcassets in Resources */,
				E038114D25091010005CF928 /* Roboto-Light.ttf in Resources */,
				214EECB024ECCE4200890F91 /* Main.storyboard in Resources */,
			);
			runOnlyForDeploymentPostprocessing = 0;
		};
/* End PBXResourcesBuildPhase section */

/* Begin PBXShellScriptBuildPhase section */
		39FA97E68FC73BA88118F06D /* [CP] Embed Pods Frameworks */ = {
			isa = PBXShellScriptBuildPhase;
			buildActionMask = 2147483647;
			files = (
			);
			inputFileListPaths = (
				"${PODS_ROOT}/Target Support Files/Pods-Notes App/Pods-Notes App-frameworks-${CONFIGURATION}-input-files.xcfilelist",
			);
			name = "[CP] Embed Pods Frameworks";
			outputFileListPaths = (
				"${PODS_ROOT}/Target Support Files/Pods-Notes App/Pods-Notes App-frameworks-${CONFIGURATION}-output-files.xcfilelist",
			);
			runOnlyForDeploymentPostprocessing = 0;
			shellPath = /bin/sh;
			shellScript = "\"${PODS_ROOT}/Target Support Files/Pods-Notes App/Pods-Notes App-frameworks.sh\"\n";
			showEnvVarsInLog = 0;
		};
		DF3BC4855BC0A91665FE2485 /* [CP] Check Pods Manifest.lock */ = {
			isa = PBXShellScriptBuildPhase;
			buildActionMask = 2147483647;
			files = (
			);
			inputFileListPaths = (
			);
			inputPaths = (
				"${PODS_PODFILE_DIR_PATH}/Podfile.lock",
				"${PODS_ROOT}/Manifest.lock",
			);
			name = "[CP] Check Pods Manifest.lock";
			outputFileListPaths = (
			);
			outputPaths = (
				"$(DERIVED_FILE_DIR)/Pods-Notes App-checkManifestLockResult.txt",
			);
			runOnlyForDeploymentPostprocessing = 0;
			shellPath = /bin/sh;
			shellScript = "diff \"${PODS_PODFILE_DIR_PATH}/Podfile.lock\" \"${PODS_ROOT}/Manifest.lock\" > /dev/null\nif [ $? != 0 ] ; then\n    # print error to STDERR\n    echo \"error: The sandbox is not in sync with the Podfile.lock. Run 'pod install' or update your CocoaPods installation.\" >&2\n    exit 1\nfi\n# This output is used by Xcode 'outputs' to avoid re-running this script phase.\necho \"SUCCESS\" > \"${SCRIPT_OUTPUT_FILE_0}\"\n";
			showEnvVarsInLog = 0;
		};
/* End PBXShellScriptBuildPhase section */

/* Begin PBXSourcesBuildPhase section */
		214EECA124ECCE4200890F91 /* Sources */ = {
			isa = PBXSourcesBuildPhase;
			buildActionMask = 2147483647;
			files = (
				66BBE582254D7F8900B89D20 /* User.swift in Sources */,
				21612AB124F19825006D2A6C /* SettingTableViewController.swift in Sources */,
				21DB727A24EFB18F00BFCAB5 /* AboutAppViewController.swift in Sources */,
				21BF08CA24ECE51400C3CC6F /* UIButtonDesignable.swift in Sources */,
				21F2173724EE10B100E373D6 /* NoteTableViewCell.swift in Sources */,
				21BF08CF24ECF87F00C3CC6F /* SignUpViewController.swift in Sources */,
				21612AB324F248EF006D2A6C /* ProfileViewController.swift in Sources */,
				66BBE58A254D823200B89D20 /* UserInfo.swift in Sources */,
				66AD2352254B139100E86967 /* UIViewCustomCornerRadius.swift in Sources */,
				66BBE58D254D82C200B89D20 /* Tools.swift in Sources */,
				214EECC524ECD5E800890F91 /* UIViewDesignable.swift in Sources */,
				66AD234F254B117D00E86967 /* L102Localizer.swift in Sources */,
				21BF08CD24ECF86900C3CC6F /* SignInViewController.swift in Sources */,
				21EDED4A24F663DC00148AB1 /* UserData.swift in Sources */,
				214EECAD24ECCE4200890F91 /* ViewController.swift in Sources */,
				214EECA924ECCE4200890F91 /* AppDelegate.swift in Sources */,
				66AD234E254B117D00E86967 /* L102Language.swift in Sources */,
				21C850CC24F122AA002B8F7F /* SettingsViewController.swift in Sources */,
				6695D181254D779000566872 /* NoteEntityController.swift in Sources */,
				6695D182254D779000566872 /* UserEntityController.swift in Sources */,
				6695D183254D779000566872 /* CategoryEntityController.swift in Sources */,
				66AD2355254B13B600E86967 /* UIImageDesignable.swift in Sources */,
				2198F42724ED2D3D004C1C00 /* CategoriesViewController.swift in Sources */,
				21F2173124EDF7C500E373D6 /* NewCategoryViewController.swift in Sources */,
				21F2173524EE0E9F00E373D6 /* NotesViewController.swift in Sources */,
				66BBE584254D7F8900B89D20 /* Note.swift in Sources */,
				66BBE583254D7F8900B89D20 /* Category.swift in Sources */,
				21F2173324EDF7DC00E373D6 /* NewNoteViewController.swift in Sources */,
				214EECAB24ECCE4200890F91 /* SceneDelegate.swift in Sources */,
				2198F42A24ED336D004C1C00 /* CategoryTableViewCell.swift in Sources */,
			);
			runOnlyForDeploymentPostprocessing = 0;
		};
/* End PBXSourcesBuildPhase section */

/* Begin PBXVariantGroup section */
		214EECAE24ECCE4200890F91 /* Main.storyboard */ = {
			isa = PBXVariantGroup;
			children = (
				214EECAF24ECCE4200890F91 /* Base */,
				66AD235D254B2BD900E86967 /* ar */,
			);
			name = Main.storyboard;
			sourceTree = "<group>";
		};
		214EECB324ECCE5100890F91 /* LaunchScreen.storyboard */ = {
			isa = PBXVariantGroup;
			children = (
				214EECB424ECCE5100890F91 /* Base */,
				66AD235E254B2BDC00E86967 /* ar */,
			);
			name = LaunchScreen.storyboard;
			sourceTree = "<group>";
		};
		66AD2365254B2F5100E86967 /* Localizable.strings */ = {
			isa = PBXVariantGroup;
			children = (
				66AD2364254B2F5100E86967 /* en */,
				66AD2366254B2F5B00E86967 /* ar */,
			);
			name = Localizable.strings;
			sourceTree = "<group>";
		};
/* End PBXVariantGroup section */

/* Begin XCBuildConfiguration section */
		214EECB724ECCE5100890F91 /* Debug */ = {
			isa = XCBuildConfiguration;
			buildSettings = {
				ALWAYS_SEARCH_USER_PATHS = NO;
				CLANG_ANALYZER_LOCALIZABILITY_NONLOCALIZED = YES;
				CLANG_ANALYZER_NONNULL = YES;
				CLANG_ANALYZER_NUMBER_OBJECT_CONVERSION = YES_AGGRESSIVE;
				CLANG_CXX_LANGUAGE_STANDARD = "gnu++14";
				CLANG_CXX_LIBRARY = "libc++";
				CLANG_ENABLE_MODULES = YES;
				CLANG_ENABLE_OBJC_ARC = YES;
				CLANG_ENABLE_OBJC_WEAK = YES;
				CLANG_WARN_BLOCK_CAPTURE_AUTORELEASING = YES;
				CLANG_WARN_BOOL_CONVERSION = YES;
				CLANG_WARN_COMMA = YES;
				CLANG_WARN_CONSTANT_CONVERSION = YES;
				CLANG_WARN_DEPRECATED_OBJC_IMPLEMENTATIONS = YES;
				CLANG_WARN_DIRECT_OBJC_ISA_USAGE = YES_ERROR;
				CLANG_WARN_DOCUMENTATION_COMMENTS = YES;
				CLANG_WARN_EMPTY_BODY = YES;
				CLANG_WARN_ENUM_CONVERSION = YES;
				CLANG_WARN_INFINITE_RECURSION = YES;
				CLANG_WARN_INT_CONVERSION = YES;
				CLANG_WARN_NON_LITERAL_NULL_CONVERSION = YES;
				CLANG_WARN_OBJC_IMPLICIT_RETAIN_SELF = YES;
				CLANG_WARN_OBJC_LITERAL_CONVERSION = YES;
				CLANG_WARN_OBJC_ROOT_CLASS = YES_ERROR;
				CLANG_WARN_RANGE_LOOP_ANALYSIS = YES;
				CLANG_WARN_STRICT_PROTOTYPES = YES;
				CLANG_WARN_SUSPICIOUS_MOVE = YES;
				CLANG_WARN_UNGUARDED_AVAILABILITY = YES_AGGRESSIVE;
				CLANG_WARN_UNREACHABLE_CODE = YES;
				CLANG_WARN__DUPLICATE_METHOD_MATCH = YES;
				COPY_PHASE_STRIP = NO;
				DEBUG_INFORMATION_FORMAT = dwarf;
				ENABLE_STRICT_OBJC_MSGSEND = YES;
				ENABLE_TESTABILITY = YES;
				GCC_C_LANGUAGE_STANDARD = gnu11;
				GCC_DYNAMIC_NO_PIC = NO;
				GCC_NO_COMMON_BLOCKS = YES;
				GCC_OPTIMIZATION_LEVEL = 0;
				GCC_PREPROCESSOR_DEFINITIONS = (
					"DEBUG=1",
					"$(inherited)",
				);
				GCC_WARN_64_TO_32_BIT_CONVERSION = YES;
				GCC_WARN_ABOUT_RETURN_TYPE = YES_ERROR;
				GCC_WARN_UNDECLARED_SELECTOR = YES;
				GCC_WARN_UNINITIALIZED_AUTOS = YES_AGGRESSIVE;
				GCC_WARN_UNUSED_FUNCTION = YES;
				GCC_WARN_UNUSED_VARIABLE = YES;
				IPHONEOS_DEPLOYMENT_TARGET = 13.5;
				MTL_ENABLE_DEBUG_INFO = INCLUDE_SOURCE;
				MTL_FAST_MATH = YES;
				ONLY_ACTIVE_ARCH = YES;
				SDKROOT = iphoneos;
				SWIFT_ACTIVE_COMPILATION_CONDITIONS = DEBUG;
				SWIFT_OPTIMIZATION_LEVEL = "-Onone";
			};
			name = Debug;
		};
		214EECB824ECCE5100890F91 /* Release */ = {
			isa = XCBuildConfiguration;
			buildSettings = {
				ALWAYS_SEARCH_USER_PATHS = NO;
				CLANG_ANALYZER_LOCALIZABILITY_NONLOCALIZED = YES;
				CLANG_ANALYZER_NONNULL = YES;
				CLANG_ANALYZER_NUMBER_OBJECT_CONVERSION = YES_AGGRESSIVE;
				CLANG_CXX_LANGUAGE_STANDARD = "gnu++14";
				CLANG_CXX_LIBRARY = "libc++";
				CLANG_ENABLE_MODULES = YES;
				CLANG_ENABLE_OBJC_ARC = YES;
				CLANG_ENABLE_OBJC_WEAK = YES;
				CLANG_WARN_BLOCK_CAPTURE_AUTORELEASING = YES;
				CLANG_WARN_BOOL_CONVERSION = YES;
				CLANG_WARN_COMMA = YES;
				CLANG_WARN_CONSTANT_CONVERSION = YES;
				CLANG_WARN_DEPRECATED_OBJC_IMPLEMENTATIONS = YES;
				CLANG_WARN_DIRECT_OBJC_ISA_USAGE = YES_ERROR;
				CLANG_WARN_DOCUMENTATION_COMMENTS = YES;
				CLANG_WARN_EMPTY_BODY = YES;
				CLANG_WARN_ENUM_CONVERSION = YES;
				CLANG_WARN_INFINITE_RECURSION = YES;
				CLANG_WARN_INT_CONVERSION = YES;
				CLANG_WARN_NON_LITERAL_NULL_CONVERSION = YES;
				CLANG_WARN_OBJC_IMPLICIT_RETAIN_SELF = YES;
				CLANG_WARN_OBJC_LITERAL_CONVERSION = YES;
				CLANG_WARN_OBJC_ROOT_CLASS = YES_ERROR;
				CLANG_WARN_RANGE_LOOP_ANALYSIS = YES;
				CLANG_WARN_STRICT_PROTOTYPES = YES;
				CLANG_WARN_SUSPICIOUS_MOVE = YES;
				CLANG_WARN_UNGUARDED_AVAILABILITY = YES_AGGRESSIVE;
				CLANG_WARN_UNREACHABLE_CODE = YES;
				CLANG_WARN__DUPLICATE_METHOD_MATCH = YES;
				COPY_PHASE_STRIP = NO;
				DEBUG_INFORMATION_FORMAT = "dwarf-with-dsym";
				ENABLE_NS_ASSERTIONS = NO;
				ENABLE_STRICT_OBJC_MSGSEND = YES;
				GCC_C_LANGUAGE_STANDARD = gnu11;
				GCC_NO_COMMON_BLOCKS = YES;
				GCC_WARN_64_TO_32_BIT_CONVERSION = YES;
				GCC_WARN_ABOUT_RETURN_TYPE = YES_ERROR;
				GCC_WARN_UNDECLARED_SELECTOR = YES;
				GCC_WARN_UNINITIALIZED_AUTOS = YES_AGGRESSIVE;
				GCC_WARN_UNUSED_FUNCTION = YES;
				GCC_WARN_UNUSED_VARIABLE = YES;
				IPHONEOS_DEPLOYMENT_TARGET = 13.5;
				MTL_ENABLE_DEBUG_INFO = NO;
				MTL_FAST_MATH = YES;
				SDKROOT = iphoneos;
				SWIFT_COMPILATION_MODE = wholemodule;
				SWIFT_OPTIMIZATION_LEVEL = "-O";
				VALIDATE_PRODUCT = YES;
			};
			name = Release;
		};
		214EECBA24ECCE5100890F91 /* Debug */ = {
			isa = XCBuildConfiguration;
			baseConfigurationReference = 573205D18194E8DDCE95A48F /* Pods-Notes App.debug.xcconfig */;
			buildSettings = {
				ASSETCATALOG_COMPILER_APPICON_NAME = AppIcon;
				CODE_SIGN_STYLE = Automatic;
				INFOPLIST_FILE = "Notes App/Info.plist";
				LD_RUNPATH_SEARCH_PATHS = (
					"$(inherited)",
					"@executable_path/Frameworks",
				);
				PRODUCT_BUNDLE_IDENTIFIER = "ios.Notes-App";
				PRODUCT_NAME = "$(TARGET_NAME)";
				SWIFT_VERSION = 5.0;
				TARGETED_DEVICE_FAMILY = 1;
			};
			name = Debug;
		};
		214EECBB24ECCE5100890F91 /* Release */ = {
			isa = XCBuildConfiguration;
			baseConfigurationReference = FC4B8C5E95402BF669217B45 /* Pods-Notes App.release.xcconfig */;
			buildSettings = {
				ASSETCATALOG_COMPILER_APPICON_NAME = AppIcon;
				CODE_SIGN_STYLE = Automatic;
				INFOPLIST_FILE = "Notes App/Info.plist";
				LD_RUNPATH_SEARCH_PATHS = (
					"$(inherited)",
					"@executable_path/Frameworks",
				);
				PRODUCT_BUNDLE_IDENTIFIER = "ios.Notes-App";
				PRODUCT_NAME = "$(TARGET_NAME)";
				SWIFT_VERSION = 5.0;
				TARGETED_DEVICE_FAMILY = 1;
			};
			name = Release;
		};
/* End XCBuildConfiguration section */

/* Begin XCConfigurationList section */
		214EECA024ECCE4200890F91 /* Build configuration list for PBXProject "Notes App" */ = {
			isa = XCConfigurationList;
			buildConfigurations = (
				214EECB724ECCE5100890F91 /* Debug */,
				214EECB824ECCE5100890F91 /* Release */,
			);
			defaultConfigurationIsVisible = 0;
			defaultConfigurationName = Release;
		};
		214EECB924ECCE5100890F91 /* Build configuration list for PBXNativeTarget "Notes App" */ = {
			isa = XCConfigurationList;
			buildConfigurations = (
				214EECBA24ECCE5100890F91 /* Debug */,
				214EECBB24ECCE5100890F91 /* Release */,
			);
			defaultConfigurationIsVisible = 0;
			defaultConfigurationName = Release;
		};
/* End XCConfigurationList section */
	};
	rootObject = 214EEC9D24ECCE4200890F91 /* Project object */;
}
